
Microsoft Visual Studio Solution File, Format Version 12.00
# Visual Studio 15
VisualStudioVersion = 15.0.26730.12
MinimumVisualStudioVersion = 10.0.40219.1
Project("{FAE04EC0-301F-11D3-BF4B-00C04F79EFBC}") = "ViewRental_CompleteMVC", "ViewRental_CompleteMVC\ViewRental_CompleteMVC.csproj", "{0DB837B5-3993-49FA-B561-276DAA51F152}"
EndProject
Global
	GlobalSection(SolutionConfigurationPlatforms) = preSolution
		Debug|Any CPU = Debug|Any CPU
		Release|Any CPU = Release|Any CPU
	EndGlobalSection
	GlobalSection(ProjectConfigurationPlatforms) = postSolution
		{0DB837B5-3993-49FA-B561-276DAA51F152}.Debug|Any CPU.ActiveCfg = Debug|Any CPU
		{0DB837B5-3993-49FA-B561-276DAA51F152}.Debug|Any CPU.Build.0 = Debug|Any CPU
		{0DB837B5-3993-49FA-B561-276DAA51F152}.Release|Any CPU.ActiveCfg = Release|Any CPU
		{0DB837B5-3993-49FA-B561-276DAA51F152}.Release|Any CPU.Build.0 = Release|Any CPU
	EndGlobalSection
	GlobalSection(SolutionProperties) = preSolution
		HideSolutionNode = FALSE
	EndGlobalSection
	GlobalSection(ExtensibilityGlobals) = postSolution
		SolutionGuid = {AC6A7EA1-049D-4987-A7A1-8443F87D454C}
	EndGlobalSection
EndGlobal
